github.com/jackc/pgio v1.0.0 h1:g12B9UwVnzGhueNavwioyEEpAmqMe1E/BN9ES+8ovkE=
github.com/jackc/pgio v1.0.0/go.mod h1:oP+2QK2wFfUWgr+gxjoBH9KGBb31Eio69xUb0w5bYf8=
github.com/jackc/pgtype v1.14.4 h1:fKuNiCumbKTAIxQwXfB/nsrnkEI6bPJrrSiMKgbJ2j8=
github.com/jackc/pgtype v1.14.4/go.mod h1:aKeozOde08iifGosdJpz9MBZonJOUJxqNpPBcMJTlVA=
github.com/jackc/pgx/v5 v5.8.0 h1:TYPDoleBBme0xGSAX3/+NujXXtpZn9HBONkQC7IEZSo=
github.com/jackc/pgx/v5 v5.8.0/go.mod h1:QVeDInX2m9VyzvNeiCJVjCkNFqzsNb43204HshNSZKw=
